
Microsoft Visual Studio Solution File, Format Version 12.00
# Visual Studio Version 16
VisualStudioVersion = 16.0.29021.104
MinimumVisualStudioVersion = 10.0.40219.1
Project("{F184B08F-C81C-45F6-A57F-5ABD9991F28F}") = "EJERCICIO_4.1", "EJERCICIO_4.1\EJERCICIO_4.1.vbproj", "{A3FC2972-65AC-49E3-8CF3-A9ADDB340078}"
EndProject
Global
	GlobalSection(SolutionConfigurationPlatforms) = preSolution
		Debug|Any CPU = Debug|Any CPU
		Release|Any CPU = Release|Any CPU
	EndGlobalSection
	GlobalSection(ProjectConfigurationPlatforms) = postSolution
		{A3FC2972-65AC-49E3-8CF3-A9ADDB340078}.Debug|Any CPU.ActiveCfg = Debug|Any CPU
		{A3FC2972-65AC-49E3-8CF3-A9ADDB340078}.Debug|Any CPU.Build.0 = Debug|Any CPU
		{A3FC2972-65AC-49E3-8CF3-A9ADDB340078}.Release|Any CPU.ActiveCfg = Release|Any CPU
		{A3FC2972-65AC-49E3-8CF3-A9ADDB340078}.Release|Any CPU.Build.0 = Release|Any CPU
	EndGlobalSection
	GlobalSection(SolutionProperties) = preSolution
		HideSolutionNode = FALSE
	EndGlobalSection
	GlobalSection(ExtensibilityGlobals) = postSolution
		SolutionGuid = {1B48B490-6D47-4661-A47C-BBFFCBA1FB3B}
	EndGlobalSection
EndGlobal
