
Microsoft Visual Studio Solution File, Format Version 12.00
# Visual Studio Version 16
VisualStudioVersion = 16.0.29021.104
MinimumVisualStudioVersion = 10.0.40219.1
Project("{778DAE3C-4631-46EA-AA77-85C1314464D9}") = "MEDIA", "EJERCICIO_4.1\MEDIA.vbproj", "{A3FC2972-65AC-49E3-8CF3-A9ADDB340078}"
EndProject
Project("{F184B08F-C81C-45F6-A57F-5ABD9991F28F}") = "VENTAS", "VENTAS\VENTAS.vbproj", "{B63F0030-49B1-4356-9618-95B61DA842A0}"
EndProject
Project("{F184B08F-C81C-45F6-A57F-5ABD9991F28F}") = "NOTAS", "NOTAS\NOTAS.vbproj", "{738D2A45-75DF-4CB6-A39E-3F3EACD469D0}"
EndProject
Project("{F184B08F-C81C-45F6-A57F-5ABD9991F28F}") = "DOMINIO_PAIS", "DOMINIO_PAIS\DOMINIO_PAIS.vbproj", "{3D3B1E14-44A4-4EB2-9526-9DBA7093C192}"
EndProject
Project("{F184B08F-C81C-45F6-A57F-5ABD9991F28F}") = "DOMINIO_PAIS_4.5", "DOMINIO_PAIS_4.5\DOMINIO_PAIS_4.5.vbproj", "{66AC1FEB-24BA-4599-A11B-8C486D897355}"
EndProject
Project("{F184B08F-C81C-45F6-A57F-5ABD9991F28F}") = "NOTAS_COLLECTION", "NOTAS_COLLECTION\NOTAS_COLLECTION.vbproj", "{CACC1C3A-B548-4766-9BC7-E4B55520AF76}"
EndProject
Project("{F184B08F-C81C-45F6-A57F-5ABD9991F28F}") = "DOMINIO_HASHTABLE", "DOMINIO_HASHTABLE\DOMINIO_HASHTABLE.vbproj", "{040A96C5-9641-4AE1-A099-BB92832FBE17}"
EndProject
Project("{F184B08F-C81C-45F6-A57F-5ABD9991F28F}") = "ZEVERLA", "ZEVERLA\ZEVERLA.vbproj", "{F2AD576B-7384-470B-8CA5-BED560B6031A}"
EndProject
Project("{F184B08F-C81C-45F6-A57F-5ABD9991F28F}") = "TURNOS", "TURNOS\TURNOS.vbproj", "{813FA70F-EE5F-410E-ADF4-DF7A4AA18BA0}"
EndProject
Project("{F184B08F-C81C-45F6-A57F-5ABD9991F28F}") = "CHIPAS", "CHIPAS\CHIPAS.vbproj", "{6DA7911C-3AE2-4C6D-B73F-86B8A32DB45E}"
EndProject
Project("{F184B08F-C81C-45F6-A57F-5ABD9991F28F}") = "ZEVERLA_4.11", "ZEVERLA_4.11\ZEVERLA_4.11.vbproj", "{4F9C086D-155C-4823-A2FC-5108E75947E1}"
EndProject
Project("{F184B08F-C81C-45F6-A57F-5ABD9991F28F}") = "TURNOS_4.11", "TURNOS_4.11\TURNOS_4.11.vbproj", "{D61F79BD-3BA2-4EE1-ACC6-7FB3E8631139}"
EndProject
Project("{F184B08F-C81C-45F6-A57F-5ABD9991F28F}") = "CHIPAS_4.12", "CHIPAS_4.12\CHIPAS_4.12.vbproj", "{B2CEC311-5CB0-4893-93EC-71EE501F4B3D}"
EndProject
Project("{F184B08F-C81C-45F6-A57F-5ABD9991F28F}") = "TURNOS_PRIORIDAD_4.13", "TURNOS_PRIORIDAD_4.13\TURNOS_PRIORIDAD_4.13.vbproj", "{70DFA19F-1898-4E0A-8D85-82F1712DCA66}"
EndProject
Global
	GlobalSection(SolutionConfigurationPlatforms) = preSolution
		Debug|Any CPU = Debug|Any CPU
		Release|Any CPU = Release|Any CPU
	EndGlobalSection
	GlobalSection(ProjectConfigurationPlatforms) = postSolution
		{A3FC2972-65AC-49E3-8CF3-A9ADDB340078}.Debug|Any CPU.ActiveCfg = Debug|Any CPU
		{A3FC2972-65AC-49E3-8CF3-A9ADDB340078}.Debug|Any CPU.Build.0 = Debug|Any CPU
		{A3FC2972-65AC-49E3-8CF3-A9ADDB340078}.Release|Any CPU.ActiveCfg = Release|Any CPU
		{A3FC2972-65AC-49E3-8CF3-A9ADDB340078}.Release|Any CPU.Build.0 = Release|Any CPU
		{B63F0030-49B1-4356-9618-95B61DA842A0}.Debug|Any CPU.ActiveCfg = Debug|Any CPU
		{B63F0030-49B1-4356-9618-95B61DA842A0}.Debug|Any CPU.Build.0 = Debug|Any CPU
		{B63F0030-49B1-4356-9618-95B61DA842A0}.Release|Any CPU.ActiveCfg = Release|Any CPU
		{B63F0030-49B1-4356-9618-95B61DA842A0}.Release|Any CPU.Build.0 = Release|Any CPU
		{738D2A45-75DF-4CB6-A39E-3F3EACD469D0}.Debug|Any CPU.ActiveCfg = Debug|Any CPU
		{738D2A45-75DF-4CB6-A39E-3F3EACD469D0}.Debug|Any CPU.Build.0 = Debug|Any CPU
		{738D2A45-75DF-4CB6-A39E-3F3EACD469D0}.Release|Any CPU.ActiveCfg = Release|Any CPU
		{738D2A45-75DF-4CB6-A39E-3F3EACD469D0}.Release|Any CPU.Build.0 = Release|Any CPU
		{3D3B1E14-44A4-4EB2-9526-9DBA7093C192}.Debug|Any CPU.ActiveCfg = Debug|Any CPU
		{3D3B1E14-44A4-4EB2-9526-9DBA7093C192}.Debug|Any CPU.Build.0 = Debug|Any CPU
		{3D3B1E14-44A4-4EB2-9526-9DBA7093C192}.Release|Any CPU.ActiveCfg = Release|Any CPU
		{3D3B1E14-44A4-4EB2-9526-9DBA7093C192}.Release|Any CPU.Build.0 = Release|Any CPU
		{66AC1FEB-24BA-4599-A11B-8C486D897355}.Debug|Any CPU.ActiveCfg = Debug|Any CPU
		{66AC1FEB-24BA-4599-A11B-8C486D897355}.Debug|Any CPU.Build.0 = Debug|Any CPU
		{66AC1FEB-24BA-4599-A11B-8C486D897355}.Release|Any CPU.ActiveCfg = Release|Any CPU
		{66AC1FEB-24BA-4599-A11B-8C486D897355}.Release|Any CPU.Build.0 = Release|Any CPU
		{CACC1C3A-B548-4766-9BC7-E4B55520AF76}.Debug|Any CPU.ActiveCfg = Debug|Any CPU
		{CACC1C3A-B548-4766-9BC7-E4B55520AF76}.Debug|Any CPU.Build.0 = Debug|Any CPU
		{CACC1C3A-B548-4766-9BC7-E4B55520AF76}.Release|Any CPU.ActiveCfg = Release|Any CPU
		{CACC1C3A-B548-4766-9BC7-E4B55520AF76}.Release|Any CPU.Build.0 = Release|Any CPU
		{040A96C5-9641-4AE1-A099-BB92832FBE17}.Debug|Any CPU.ActiveCfg = Debug|Any CPU
		{040A96C5-9641-4AE1-A099-BB92832FBE17}.Debug|Any CPU.Build.0 = Debug|Any CPU
		{040A96C5-9641-4AE1-A099-BB92832FBE17}.Release|Any CPU.ActiveCfg = Release|Any CPU
		{040A96C5-9641-4AE1-A099-BB92832FBE17}.Release|Any CPU.Build.0 = Release|Any CPU
		{F2AD576B-7384-470B-8CA5-BED560B6031A}.Debug|Any CPU.ActiveCfg = Debug|Any CPU
		{F2AD576B-7384-470B-8CA5-BED560B6031A}.Debug|Any CPU.Build.0 = Debug|Any CPU
		{F2AD576B-7384-470B-8CA5-BED560B6031A}.Release|Any CPU.ActiveCfg = Release|Any CPU
		{F2AD576B-7384-470B-8CA5-BED560B6031A}.Release|Any CPU.Build.0 = Release|Any CPU
		{813FA70F-EE5F-410E-ADF4-DF7A4AA18BA0}.Debug|Any CPU.ActiveCfg = Debug|Any CPU
		{813FA70F-EE5F-410E-ADF4-DF7A4AA18BA0}.Debug|Any CPU.Build.0 = Debug|Any CPU
		{813FA70F-EE5F-410E-ADF4-DF7A4AA18BA0}.Release|Any CPU.ActiveCfg = Release|Any CPU
		{813FA70F-EE5F-410E-ADF4-DF7A4AA18BA0}.Release|Any CPU.Build.0 = Release|Any CPU
		{6DA7911C-3AE2-4C6D-B73F-86B8A32DB45E}.Debug|Any CPU.ActiveCfg = Debug|Any CPU
		{6DA7911C-3AE2-4C6D-B73F-86B8A32DB45E}.Debug|Any CPU.Build.0 = Debug|Any CPU
		{6DA7911C-3AE2-4C6D-B73F-86B8A32DB45E}.Release|Any CPU.ActiveCfg = Release|Any CPU
		{6DA7911C-3AE2-4C6D-B73F-86B8A32DB45E}.Release|Any CPU.Build.0 = Release|Any CPU
		{4F9C086D-155C-4823-A2FC-5108E75947E1}.Debug|Any CPU.ActiveCfg = Debug|Any CPU
		{4F9C086D-155C-4823-A2FC-5108E75947E1}.Debug|Any CPU.Build.0 = Debug|Any CPU
		{4F9C086D-155C-4823-A2FC-5108E75947E1}.Release|Any CPU.ActiveCfg = Release|Any CPU
		{4F9C086D-155C-4823-A2FC-5108E75947E1}.Release|Any CPU.Build.0 = Release|Any CPU
		{D61F79BD-3BA2-4EE1-ACC6-7FB3E8631139}.Debug|Any CPU.ActiveCfg = Debug|Any CPU
		{D61F79BD-3BA2-4EE1-ACC6-7FB3E8631139}.Debug|Any CPU.Build.0 = Debug|Any CPU
		{D61F79BD-3BA2-4EE1-ACC6-7FB3E8631139}.Release|Any CPU.ActiveCfg = Release|Any CPU
		{D61F79BD-3BA2-4EE1-ACC6-7FB3E8631139}.Release|Any CPU.Build.0 = Release|Any CPU
		{B2CEC311-5CB0-4893-93EC-71EE501F4B3D}.Debug|Any CPU.ActiveCfg = Debug|Any CPU
		{B2CEC311-5CB0-4893-93EC-71EE501F4B3D}.Debug|Any CPU.Build.0 = Debug|Any CPU
		{B2CEC311-5CB0-4893-93EC-71EE501F4B3D}.Release|Any CPU.ActiveCfg = Release|Any CPU
		{B2CEC311-5CB0-4893-93EC-71EE501F4B3D}.Release|Any CPU.Build.0 = Release|Any CPU
		{70DFA19F-1898-4E0A-8D85-82F1712DCA66}.Debug|Any CPU.ActiveCfg = Debug|Any CPU
		{70DFA19F-1898-4E0A-8D85-82F1712DCA66}.Debug|Any CPU.Build.0 = Debug|Any CPU
		{70DFA19F-1898-4E0A-8D85-82F1712DCA66}.Release|Any CPU.ActiveCfg = Release|Any CPU
		{70DFA19F-1898-4E0A-8D85-82F1712DCA66}.Release|Any CPU.Build.0 = Release|Any CPU
	EndGlobalSection
	GlobalSection(SolutionProperties) = preSolution
		HideSolutionNode = FALSE
	EndGlobalSection
	GlobalSection(ExtensibilityGlobals) = postSolution
		SolutionGuid = {1B48B490-6D47-4661-A47C-BBFFCBA1FB3B}
	EndGlobalSection
EndGlobal
