
Microsoft Visual Studio Solution File, Format Version 12.00
# Visual Studio Version 16
VisualStudioVersion = 16.0.29021.104
MinimumVisualStudioVersion = 10.0.40219.1
Project("{778DAE3C-4631-46EA-AA77-85C1314464D9}") = "MEDIA", "EJERCICIO_4.1\MEDIA.vbproj", "{A3FC2972-65AC-49E3-8CF3-A9ADDB340078}"
EndProject
Project("{F184B08F-C81C-45F6-A57F-5ABD9991F28F}") = "VENTAS", "VENTAS\VENTAS.vbproj", "{B63F0030-49B1-4356-9618-95B61DA842A0}"
EndProject
Project("{F184B08F-C81C-45F6-A57F-5ABD9991F28F}") = "NOTAS", "NOTAS\NOTAS.vbproj", "{738D2A45-75DF-4CB6-A39E-3F3EACD469D0}"
EndProject
Project("{F184B08F-C81C-45F6-A57F-5ABD9991F28F}") = "DOMINIO_PAIS", "DOMINIO_PAIS\DOMINIO_PAIS.vbproj", "{3D3B1E14-44A4-4EB2-9526-9DBA7093C192}"
EndProject
Project("{F184B08F-C81C-45F6-A57F-5ABD9991F28F}") = "DOMINIO_PAIS_4.5", "DOMINIO_PAIS_4.5\DOMINIO_PAIS_4.5.vbproj", "{66AC1FEB-24BA-4599-A11B-8C486D897355}"
EndProject
Project("{F184B08F-C81C-45F6-A57F-5ABD9991F28F}") = "NOTAS_COLLECTION", "NOTAS_COLLECTION\NOTAS_COLLECTION.vbproj", "{CACC1C3A-B548-4766-9BC7-E4B55520AF76}"
EndProject
Project("{F184B08F-C81C-45F6-A57F-5ABD9991F28F}") = "DOMINIO_HASHTABLE", "DOMINIO_HASHTABLE\DOMINIO_HASHTABLE.vbproj", "{040A96C5-9641-4AE1-A099-BB92832FBE17}"
EndProject
Global
	GlobalSection(SolutionConfigurationPlatforms) = preSolution
		Debug|Any CPU = Debug|Any CPU
		Release|Any CPU = Release|Any CPU
	EndGlobalSection
	GlobalSection(ProjectConfigurationPlatforms) = postSolution
		{A3FC2972-65AC-49E3-8CF3-A9ADDB340078}.Debug|Any CPU.ActiveCfg = Debug|Any CPU
		{A3FC2972-65AC-49E3-8CF3-A9ADDB340078}.Debug|Any CPU.Build.0 = Debug|Any CPU
		{A3FC2972-65AC-49E3-8CF3-A9ADDB340078}.Release|Any CPU.ActiveCfg = Release|Any CPU
		{A3FC2972-65AC-49E3-8CF3-A9ADDB340078}.Release|Any CPU.Build.0 = Release|Any CPU
		{B63F0030-49B1-4356-9618-95B61DA842A0}.Debug|Any CPU.ActiveCfg = Debug|Any CPU
		{B63F0030-49B1-4356-9618-95B61DA842A0}.Debug|Any CPU.Build.0 = Debug|Any CPU
		{B63F0030-49B1-4356-9618-95B61DA842A0}.Release|Any CPU.ActiveCfg = Release|Any CPU
		{B63F0030-49B1-4356-9618-95B61DA842A0}.Release|Any CPU.Build.0 = Release|Any CPU
		{738D2A45-75DF-4CB6-A39E-3F3EACD469D0}.Debug|Any CPU.ActiveCfg = Debug|Any CPU
		{738D2A45-75DF-4CB6-A39E-3F3EACD469D0}.Debug|Any CPU.Build.0 = Debug|Any CPU
		{738D2A45-75DF-4CB6-A39E-3F3EACD469D0}.Release|Any CPU.ActiveCfg = Release|Any CPU
		{738D2A45-75DF-4CB6-A39E-3F3EACD469D0}.Release|Any CPU.Build.0 = Release|Any CPU
		{3D3B1E14-44A4-4EB2-9526-9DBA7093C192}.Debug|Any CPU.ActiveCfg = Debug|Any CPU
		{3D3B1E14-44A4-4EB2-9526-9DBA7093C192}.Debug|Any CPU.Build.0 = Debug|Any CPU
		{3D3B1E14-44A4-4EB2-9526-9DBA7093C192}.Release|Any CPU.ActiveCfg = Release|Any CPU
		{3D3B1E14-44A4-4EB2-9526-9DBA7093C192}.Release|Any CPU.Build.0 = Release|Any CPU
		{66AC1FEB-24BA-4599-A11B-8C486D897355}.Debug|Any CPU.ActiveCfg = Debug|Any CPU
		{66AC1FEB-24BA-4599-A11B-8C486D897355}.Debug|Any CPU.Build.0 = Debug|Any CPU
		{66AC1FEB-24BA-4599-A11B-8C486D897355}.Release|Any CPU.ActiveCfg = Release|Any CPU
		{66AC1FEB-24BA-4599-A11B-8C486D897355}.Release|Any CPU.Build.0 = Release|Any CPU
		{CACC1C3A-B548-4766-9BC7-E4B55520AF76}.Debug|Any CPU.ActiveCfg = Debug|Any CPU
		{CACC1C3A-B548-4766-9BC7-E4B55520AF76}.Debug|Any CPU.Build.0 = Debug|Any CPU
		{CACC1C3A-B548-4766-9BC7-E4B55520AF76}.Release|Any CPU.ActiveCfg = Release|Any CPU
		{CACC1C3A-B548-4766-9BC7-E4B55520AF76}.Release|Any CPU.Build.0 = Release|Any CPU
		{040A96C5-9641-4AE1-A099-BB92832FBE17}.Debug|Any CPU.ActiveCfg = Debug|Any CPU
		{040A96C5-9641-4AE1-A099-BB92832FBE17}.Debug|Any CPU.Build.0 = Debug|Any CPU
		{040A96C5-9641-4AE1-A099-BB92832FBE17}.Release|Any CPU.ActiveCfg = Release|Any CPU
		{040A96C5-9641-4AE1-A099-BB92832FBE17}.Release|Any CPU.Build.0 = Release|Any CPU
	EndGlobalSection
	GlobalSection(SolutionProperties) = preSolution
		HideSolutionNode = FALSE
	EndGlobalSection
	GlobalSection(ExtensibilityGlobals) = postSolution
		SolutionGuid = {1B48B490-6D47-4661-A47C-BBFFCBA1FB3B}
	EndGlobalSection
EndGlobal
